// !$*UTF8*$!
{
	archiveVersion = 1;
	classes = {
	};
	objectVersion = 46;
	objects = {

/* Begin PBXBuildFile section */
		002EC4F5195C3389002AD64A /* Cocoa.framework in Frameworks */ = {isa = PBXBuildFile; fileRef = 002EC4F4195C3389002AD64A /* Cocoa.framework */; };
		002EC4FF195C3389002AD64A /* InfoPlist.strings in Resources */ = {isa = PBXBuildFile; fileRef = 002EC4FD195C3389002AD64A /* InfoPlist.strings */; };
		002EC501195C3389002AD64A /* main.m in Sources */ = {isa = PBXBuildFile; fileRef = 002EC500195C3389002AD64A /* main.m */; };
		002EC505195C3389002AD64A /* Credits.rtf in Resources */ = {isa = PBXBuildFile; fileRef = 002EC503195C3389002AD64A /* Credits.rtf */; };
		002EC508195C338A002AD64A /* AppDelegate.m in Sources */ = {isa = PBXBuildFile; fileRef = 002EC507195C338A002AD64A /* AppDelegate.m */; };
		002EC50B195C338A002AD64A /* MainMenu.xib in Resources */ = {isa = PBXBuildFile; fileRef = 002EC509195C338A002AD64A /* MainMenu.xib */; };
		002EC50D195C338A002AD64A /* Images.xcassets in Resources */ = {isa = PBXBuildFile; fileRef = 002EC50C195C338A002AD64A /* Images.xcassets */; };
		002EC514195C338A002AD64A /* XCTest.framework in Frameworks */ = {isa = PBXBuildFile; fileRef = 002EC513195C338A002AD64A /* XCTest.framework */; };
		002EC515195C338A002AD64A /* Cocoa.framework in Frameworks */ = {isa = PBXBuildFile; fileRef = 002EC4F4195C3389002AD64A /* Cocoa.framework */; };
		002EC51D195C338A002AD64A /* InfoPlist.strings in Resources */ = {isa = PBXBuildFile; fileRef = 002EC51B195C338A002AD64A /* InfoPlist.strings */; };
		002EC51F195C338A002AD64A /* StatusBarTestTests.m in Sources */ = {isa = PBXBuildFile; fileRef = 002EC51E195C338A002AD64A /* StatusBarTestTests.m */; };
		00422A0019996AD1009D5135 /* CopyPasterinoTableCellView.m in Sources */ = {isa = PBXBuildFile; fileRef = 004229FF19996AD1009D5135 /* CopyPasterinoTableCellView.m */; };
		004B644F1986B4AC006C232B /* .gitignore in Resources */ = {isa = PBXBuildFile; fileRef = 004B64471986B4AC006C232B /* .gitignore */; };
		004B64501986B4AC006C232B /* LICENSE.md in Resources */ = {isa = PBXBuildFile; fileRef = 004B64481986B4AC006C232B /* LICENSE.md */; };
		004B64511986B4AC006C232B /* MASPreferences.podspec in Resources */ = {isa = PBXBuildFile; fileRef = 004B64491986B4AC006C232B /* MASPreferences.podspec */; };
		004B64521986B4AC006C232B /* MASPreferencesWindow.xib in Resources */ = {isa = PBXBuildFile; fileRef = 004B644B1986B4AC006C232B /* MASPreferencesWindow.xib */; };
		004B64531986B4AC006C232B /* MASPreferencesWindowController.m in Sources */ = {isa = PBXBuildFile; fileRef = 004B644D1986B4AC006C232B /* MASPreferencesWindowController.m */; };
		004B64541986B4AC006C232B /* README.md in Resources */ = {isa = PBXBuildFile; fileRef = 004B644E1986B4AC006C232B /* README.md */; };
		00B74A76195C3E33000AE9B0 /* Status.png in Resources */ = {isa = PBXBuildFile; fileRef = 00B74A74195C3E33000AE9B0 /* Status.png */; };
		00B74A77195C3E33000AE9B0 /* Status@2x.png in Resources */ = {isa = PBXBuildFile; fileRef = 00B74A75195C3E33000AE9B0 /* Status@2x.png */; };
		00B74A7A195C3E3F000AE9B0 /* StatusHighlighted.png in Resources */ = {isa = PBXBuildFile; fileRef = 00B74A78195C3E3F000AE9B0 /* StatusHighlighted.png */; };
		00B74A7B195C3E3F000AE9B0 /* StatusHighlighted@2x.png in Resources */ = {isa = PBXBuildFile; fileRef = 00B74A79195C3E3F000AE9B0 /* StatusHighlighted@2x.png */; };
		00CDCAC71A90ECD800FD8F77 /* AppDelegate.swift in Sources */ = {isa = PBXBuildFile; fileRef = 00CDCAC61A90ECD800FD8F77 /* AppDelegate.swift */; };
		00CDCAC91A90F0FA00FD8F77 /* CopyPasterinoTableCellView.swift in Sources */ = {isa = PBXBuildFile; fileRef = 00CDCAC81A90F0FA00FD8F77 /* CopyPasterinoTableCellView.swift */; };
		00CDCACB1A91426B00FD8F77 /* Paste.swift in Sources */ = {isa = PBXBuildFile; fileRef = 00CDCACA1A91426B00FD8F77 /* Paste.swift */; };
		00CDCB251A91EC6700FD8F77 /* .gitignore in Resources */ = {isa = PBXBuildFile; fileRef = 00CDCAF51A91EC6700FD8F77 /* .gitignore */; };
		00CDCB261A91EC6700FD8F77 /* .travis.yml in Resources */ = {isa = PBXBuildFile; fileRef = 00CDCAF61A91EC6700FD8F77 /* .travis.yml */; };
		00CDCB271A91EC6700FD8F77 /* CHANGES in Resources */ = {isa = PBXBuildFile; fileRef = 00CDCAF71A91EC6700FD8F77 /* CHANGES */; };
		00CDCB281A91EC6700FD8F77 /* CONTRIBUTING.md in Sources */ = {isa = PBXBuildFile; fileRef = 00CDCAF81A91EC6700FD8F77 /* CONTRIBUTING.md */; };
		00CDCB291A91EC6700FD8F77 /* AppDelegate.m in Sources */ = {isa = PBXBuildFile; fileRef = 00CDCAFB1A91EC6700FD8F77 /* AppDelegate.m */; };
		00CDCB2A1A91EC6700FD8F77 /* Info.plist in Resources */ = {isa = PBXBuildFile; fileRef = 00CDCAFC1A91EC6700FD8F77 /* Info.plist */; };
		00CDCB2B1A91EC6700FD8F77 /* main.m in Sources */ = {isa = PBXBuildFile; fileRef = 00CDCAFD1A91EC6700FD8F77 /* main.m */; };
		00CDCB2C1A91EC6700FD8F77 /* MainMenu.xib in Resources */ = {isa = PBXBuildFile; fileRef = 00CDCAFE1A91EC6700FD8F77 /* MainMenu.xib */; };
		00CDCB2D1A91EC6700FD8F77 /* screenshot.png in Resources */ = {isa = PBXBuildFile; fileRef = 00CDCB001A91EC6700FD8F77 /* screenshot.png */; };
		00CDCB2E1A91EC6700FD8F77 /* Info.plist in Resources */ = {isa = PBXBuildFile; fileRef = 00CDCB021A91EC6700FD8F77 /* Info.plist */; };
		00CDCB2F1A91EC6700FD8F77 /* MASDictionaryTransformer.m in Sources */ = {isa = PBXBuildFile; fileRef = 00CDCB041A91EC6700FD8F77 /* MASDictionaryTransformer.m */; };
		00CDCB301A91EC6700FD8F77 /* MASDictionaryTransformerTests.m in Sources */ = {isa = PBXBuildFile; fileRef = 00CDCB051A91EC6700FD8F77 /* MASDictionaryTransformerTests.m */; };
		00CDCB311A91EC6700FD8F77 /* MASHotKey.m in Sources */ = {isa = PBXBuildFile; fileRef = 00CDCB071A91EC6700FD8F77 /* MASHotKey.m */; };
		00CDCB321A91EC6700FD8F77 /* MASHotKeyTests.m in Sources */ = {isa = PBXBuildFile; fileRef = 00CDCB081A91EC6700FD8F77 /* MASHotKeyTests.m */; };
		00CDCB331A91EC6700FD8F77 /* MASShortcut.m in Sources */ = {isa = PBXBuildFile; fileRef = 00CDCB0B1A91EC6700FD8F77 /* MASShortcut.m */; };
		00CDCB341A91EC6700FD8F77 /* MASShortcutBinder.m in Sources */ = {isa = PBXBuildFile; fileRef = 00CDCB0D1A91EC6700FD8F77 /* MASShortcutBinder.m */; };
		00CDCB351A91EC6700FD8F77 /* MASShortcutBinderTests.m in Sources */ = {isa = PBXBuildFile; fileRef = 00CDCB0E1A91EC6700FD8F77 /* MASShortcutBinderTests.m */; };
		00CDCB361A91EC6700FD8F77 /* MASShortcutMonitor.m in Sources */ = {isa = PBXBuildFile; fileRef = 00CDCB101A91EC6700FD8F77 /* MASShortcutMonitor.m */; };
		00CDCB371A91EC6700FD8F77 /* MASShortcutMonitorTests.m in Sources */ = {isa = PBXBuildFile; fileRef = 00CDCB111A91EC6700FD8F77 /* MASShortcutMonitorTests.m */; };
		00CDCB381A91EC6700FD8F77 /* MASShortcutTests.m in Sources */ = {isa = PBXBuildFile; fileRef = 00CDCB121A91EC6700FD8F77 /* MASShortcutTests.m */; };
		00CDCB391A91EC6700FD8F77 /* MASShortcutValidator.m in Sources */ = {isa = PBXBuildFile; fileRef = 00CDCB141A91EC6700FD8F77 /* MASShortcutValidator.m */; };
		00CDCB3A1A91EC6700FD8F77 /* MASShortcutView+Bindings.m in Sources */ = {isa = PBXBuildFile; fileRef = 00CDCB161A91EC6700FD8F77 /* MASShortcutView+Bindings.m */; };
		00CDCB3B1A91EC6700FD8F77 /* MASShortcutView.m in Sources */ = {isa = PBXBuildFile; fileRef = 00CDCB181A91EC6700FD8F77 /* MASShortcutView.m */; };
		00CDCB3C1A91EC6700FD8F77 /* LICENSE in Resources */ = {isa = PBXBuildFile; fileRef = 00CDCB1B1A91EC6700FD8F77 /* LICENSE */; };
		00CDCB3D1A91EC6700FD8F77 /* MASShortcut.podspec in Resources */ = {isa = PBXBuildFile; fileRef = 00CDCB1C1A91EC6700FD8F77 /* MASShortcut.podspec */; };
		00CDCB3E1A91EC6700FD8F77 /* README.md in Sources */ = {isa = PBXBuildFile; fileRef = 00CDCB201A91EC6700FD8F77 /* README.md */; };
		00CDCB3F1A91EC6700FD8F77 /* Spec.md in Sources */ = {isa = PBXBuildFile; fileRef = 00CDCB211A91EC6700FD8F77 /* Spec.md */; };
		00CDCB401A91EC6700FD8F77 /* Info.plist in Resources */ = {isa = PBXBuildFile; fileRef = 00CDCB231A91EC6700FD8F77 /* Info.plist */; };
/* End PBXBuildFile section */

/* Begin PBXContainerItemProxy section */
		002EC516195C338A002AD64A /* PBXContainerItemProxy */ = {
			isa = PBXContainerItemProxy;
			containerPortal = 002EC4E9195C3389002AD64A /* Project object */;
			proxyType = 1;
			remoteGlobalIDString = 002EC4F0195C3389002AD64A;
			remoteInfo = StatusBarTest;
		};
		00CDCB441A91EC6800FD8F77 /* PBXContainerItemProxy */ = {
			isa = PBXContainerItemProxy;
			containerPortal = 00CDCB1D1A91EC6700FD8F77 /* MASShortcut.xcodeproj */;
			proxyType = 2;
			remoteGlobalIDString = 0D827CD31990D4420010B8EF;
			remoteInfo = MASShortcut;
		};
		00CDCB461A91EC6800FD8F77 /* PBXContainerItemProxy */ = {
			isa = PBXContainerItemProxy;
			containerPortal = 00CDCB1D1A91EC6700FD8F77 /* MASShortcut.xcodeproj */;
			proxyType = 2;
			remoteGlobalIDString = 0D827D371990D5E70010B8EF;
			remoteInfo = Demo;
		};
		00CDCB481A91EC6800FD8F77 /* PBXContainerItemProxy */ = {
			isa = PBXContainerItemProxy;
			containerPortal = 00CDCB1D1A91EC6700FD8F77 /* MASShortcut.xcodeproj */;
			proxyType = 2;
			remoteGlobalIDString = 0D827D8319910AFF0010B8EF;
			remoteInfo = Tests;
		};
/* End PBXContainerItemProxy section */

/* Begin PBXFileReference section */
		002EC4F1195C3389002AD64A /* CopyPasterino.app */ = {isa = PBXFileReference; explicitFileType = wrapper.application; includeInIndex = 0; path = CopyPasterino.app; sourceTree = BUILT_PRODUCTS_DIR; };
		002EC4F4195C3389002AD64A /* Cocoa.framework */ = {isa = PBXFileReference; lastKnownFileType = wrapper.framework; name = Cocoa.framework; path = System/Library/Frameworks/Cocoa.framework; sourceTree = SDKROOT; };
		002EC4F7195C3389002AD64A /* AppKit.framework */ = {isa = PBXFileReference; lastKnownFileType = wrapper.framework; name = AppKit.framework; path = System/Library/Frameworks/AppKit.framework; sourceTree = SDKROOT; };
		002EC4F8195C3389002AD64A /* CoreData.framework */ = {isa = PBXFileReference; lastKnownFileType = wrapper.framework; name = CoreData.framework; path = System/Library/Frameworks/CoreData.framework; sourceTree = SDKROOT; };
		002EC4F9195C3389002AD64A /* Foundation.framework */ = {isa = PBXFileReference; lastKnownFileType = wrapper.framework; name = Foundation.framework; path = System/Library/Frameworks/Foundation.framework; sourceTree = SDKROOT; };
		002EC4FC195C3389002AD64A /* CopyPasterino-Info.plist */ = {isa = PBXFileReference; lastKnownFileType = text.plist.xml; path = "CopyPasterino-Info.plist"; sourceTree = "<group>"; };
		002EC4FE195C3389002AD64A /* en */ = {isa = PBXFileReference; lastKnownFileType = text.plist.strings; name = en; path = en.lproj/InfoPlist.strings; sourceTree = "<group>"; };
		002EC500195C3389002AD64A /* main.m */ = {isa = PBXFileReference; lastKnownFileType = sourcecode.c.objc; path = main.m; sourceTree = "<group>"; };
		002EC502195C3389002AD64A /* CopyPasterino-Prefix.pch */ = {isa = PBXFileReference; lastKnownFileType = sourcecode.c.h; path = "CopyPasterino-Prefix.pch"; sourceTree = "<group>"; };
		002EC504195C3389002AD64A /* en */ = {isa = PBXFileReference; lastKnownFileType = text.rtf; name = en; path = en.lproj/Credits.rtf; sourceTree = "<group>"; };
		002EC506195C3389002AD64A /* AppDelegate.h */ = {isa = PBXFileReference; lastKnownFileType = sourcecode.c.h; path = AppDelegate.h; sourceTree = "<group>"; };
		002EC507195C338A002AD64A /* AppDelegate.m */ = {isa = PBXFileReference; lastKnownFileType = sourcecode.c.objc; path = AppDelegate.m; sourceTree = "<group>"; };
		002EC50A195C338A002AD64A /* Base */ = {isa = PBXFileReference; lastKnownFileType = file.xib; name = Base; path = Base.lproj/MainMenu.xib; sourceTree = "<group>"; };
		002EC50C195C338A002AD64A /* Images.xcassets */ = {isa = PBXFileReference; lastKnownFileType = folder.assetcatalog; path = Images.xcassets; sourceTree = "<group>"; };
		002EC512195C338A002AD64A /* CopyPasterinoTests.xctest */ = {isa = PBXFileReference; explicitFileType = wrapper.cfbundle; includeInIndex = 0; path = CopyPasterinoTests.xctest; sourceTree = BUILT_PRODUCTS_DIR; };
		002EC513195C338A002AD64A /* XCTest.framework */ = {isa = PBXFileReference; lastKnownFileType = wrapper.framework; name = XCTest.framework; path = Library/Frameworks/XCTest.framework; sourceTree = DEVELOPER_DIR; };
		002EC51A195C338A002AD64A /* CopyPasterinoTests-Info.plist */ = {isa = PBXFileReference; lastKnownFileType = text.plist.xml; path = "CopyPasterinoTests-Info.plist"; sourceTree = "<group>"; };
		002EC51C195C338A002AD64A /* en */ = {isa = PBXFileReference; lastKnownFileType = text.plist.strings; name = en; path = en.lproj/InfoPlist.strings; sourceTree = "<group>"; };
		002EC51E195C338A002AD64A /* StatusBarTestTests.m */ = {isa = PBXFileReference; lastKnownFileType = sourcecode.c.objc; path = StatusBarTestTests.m; sourceTree = "<group>"; };
		004229FE19996AD1009D5135 /* CopyPasterinoTableCellView.h */ = {isa = PBXFileReference; fileEncoding = 4; lastKnownFileType = sourcecode.c.h; name = CopyPasterinoTableCellView.h; path = ../CopyPasterinoTableCellView.h; sourceTree = "<group>"; };
		004229FF19996AD1009D5135 /* CopyPasterinoTableCellView.m */ = {isa = PBXFileReference; fileEncoding = 4; lastKnownFileType = sourcecode.c.objc; name = CopyPasterinoTableCellView.m; path = ../CopyPasterinoTableCellView.m; sourceTree = "<group>"; };
		004B64471986B4AC006C232B /* .gitignore */ = {isa = PBXFileReference; fileEncoding = 4; lastKnownFileType = text; path = .gitignore; sourceTree = "<group>"; };
		004B64481986B4AC006C232B /* LICENSE.md */ = {isa = PBXFileReference; fileEncoding = 4; lastKnownFileType = text; path = LICENSE.md; sourceTree = "<group>"; };
		004B64491986B4AC006C232B /* MASPreferences.podspec */ = {isa = PBXFileReference; fileEncoding = 4; lastKnownFileType = text; path = MASPreferences.podspec; sourceTree = "<group>"; };
		004B644A1986B4AC006C232B /* MASPreferencesViewController.h */ = {isa = PBXFileReference; fileEncoding = 4; lastKnownFileType = sourcecode.c.h; path = MASPreferencesViewController.h; sourceTree = "<group>"; };
		004B644B1986B4AC006C232B /* MASPreferencesWindow.xib */ = {isa = PBXFileReference; fileEncoding = 4; lastKnownFileType = file.xib; path = MASPreferencesWindow.xib; sourceTree = "<group>"; };
		004B644C1986B4AC006C232B /* MASPreferencesWindowController.h */ = {isa = PBXFileReference; fileEncoding = 4; lastKnownFileType = sourcecode.c.h; path = MASPreferencesWindowController.h; sourceTree = "<group>"; };
		004B644D1986B4AC006C232B /* MASPreferencesWindowController.m */ = {isa = PBXFileReference; fileEncoding = 4; lastKnownFileType = sourcecode.c.objc; path = MASPreferencesWindowController.m; sourceTree = "<group>"; };
		004B644E1986B4AC006C232B /* README.md */ = {isa = PBXFileReference; fileEncoding = 4; lastKnownFileType = text; path = README.md; sourceTree = "<group>"; };
		00B74A74195C3E33000AE9B0 /* Status.png */ = {isa = PBXFileReference; lastKnownFileType = image.png; path = Status.png; sourceTree = "<group>"; };
		00B74A75195C3E33000AE9B0 /* Status@2x.png */ = {isa = PBXFileReference; lastKnownFileType = image.png; path = "Status@2x.png"; sourceTree = "<group>"; };
		00B74A78195C3E3F000AE9B0 /* StatusHighlighted.png */ = {isa = PBXFileReference; lastKnownFileType = image.png; path = StatusHighlighted.png; sourceTree = "<group>"; };
		00B74A79195C3E3F000AE9B0 /* StatusHighlighted@2x.png */ = {isa = PBXFileReference; lastKnownFileType = image.png; path = "StatusHighlighted@2x.png"; sourceTree = "<group>"; };
		00CDCAC51A90ECD800FD8F77 /* CopyPasterino-Bridging-Header.h */ = {isa = PBXFileReference; lastKnownFileType = sourcecode.c.h; path = "CopyPasterino-Bridging-Header.h"; sourceTree = "<group>"; };
		00CDCAC61A90ECD800FD8F77 /* AppDelegate.swift */ = {isa = PBXFileReference; fileEncoding = 4; lastKnownFileType = sourcecode.swift; path = AppDelegate.swift; sourceTree = "<group>"; };
		00CDCAC81A90F0FA00FD8F77 /* CopyPasterinoTableCellView.swift */ = {isa = PBXFileReference; fileEncoding = 4; lastKnownFileType = sourcecode.swift; path = CopyPasterinoTableCellView.swift; sourceTree = "<group>"; };
		00CDCACA1A91426B00FD8F77 /* Paste.swift */ = {isa = PBXFileReference; fileEncoding = 4; lastKnownFileType = sourcecode.swift; path = Paste.swift; sourceTree = "<group>"; };
		00CDCAF51A91EC6700FD8F77 /* .gitignore */ = {isa = PBXFileReference; fileEncoding = 4; lastKnownFileType = text; path = .gitignore; sourceTree = "<group>"; };
		00CDCAF61A91EC6700FD8F77 /* .travis.yml */ = {isa = PBXFileReference; fileEncoding = 4; lastKnownFileType = text; path = .travis.yml; sourceTree = "<group>"; };
		00CDCAF71A91EC6700FD8F77 /* CHANGES */ = {isa = PBXFileReference; fileEncoding = 4; lastKnownFileType = text; path = CHANGES; sourceTree = "<group>"; };
		00CDCAF81A91EC6700FD8F77 /* CONTRIBUTING.md */ = {isa = PBXFileReference; fileEncoding = 4; lastKnownFileType = net.daringfireball.markdown; path = CONTRIBUTING.md; sourceTree = "<group>"; };
		00CDCAFA1A91EC6700FD8F77 /* AppDelegate.h */ = {isa = PBXFileReference; fileEncoding = 4; lastKnownFileType = sourcecode.c.h; path = AppDelegate.h; sourceTree = "<group>"; };
		00CDCAFB1A91EC6700FD8F77 /* AppDelegate.m */ = {isa = PBXFileReference; fileEncoding = 4; lastKnownFileType = sourcecode.c.objc; path = AppDelegate.m; sourceTree = "<group>"; };
		00CDCAFC1A91EC6700FD8F77 /* Info.plist */ = {isa = PBXFileReference; fileEncoding = 4; lastKnownFileType = text.plist.xml; path = Info.plist; sourceTree = "<group>"; };
		00CDCAFD1A91EC6700FD8F77 /* main.m */ = {isa = PBXFileReference; fileEncoding = 4; lastKnownFileType = sourcecode.c.objc; path = main.m; sourceTree = "<group>"; };
		00CDCAFE1A91EC6700FD8F77 /* MainMenu.xib */ = {isa = PBXFileReference; fileEncoding = 4; lastKnownFileType = file.xib; path = MainMenu.xib; sourceTree = "<group>"; };
		00CDCAFF1A91EC6700FD8F77 /* Prefix.pch */ = {isa = PBXFileReference; fileEncoding = 4; lastKnownFileType = sourcecode.c.h; path = Prefix.pch; sourceTree = "<group>"; };
		00CDCB001A91EC6700FD8F77 /* screenshot.png */ = {isa = PBXFileReference; lastKnownFileType = image.png; path = screenshot.png; sourceTree = "<group>"; };
		00CDCB021A91EC6700FD8F77 /* Info.plist */ = {isa = PBXFileReference; fileEncoding = 4; lastKnownFileType = text.plist.xml; path = Info.plist; sourceTree = "<group>"; };
		00CDCB031A91EC6700FD8F77 /* MASDictionaryTransformer.h */ = {isa = PBXFileReference; fileEncoding = 4; lastKnownFileType = sourcecode.c.h; path = MASDictionaryTransformer.h; sourceTree = "<group>"; };
		00CDCB041A91EC6700FD8F77 /* MASDictionaryTransformer.m */ = {isa = PBXFileReference; fileEncoding = 4; lastKnownFileType = sourcecode.c.objc; path = MASDictionaryTransformer.m; sourceTree = "<group>"; };
		00CDCB051A91EC6700FD8F77 /* MASDictionaryTransformerTests.m */ = {isa = PBXFileReference; fileEncoding = 4; lastKnownFileType = sourcecode.c.objc; path = MASDictionaryTransformerTests.m; sourceTree = "<group>"; };
		00CDCB061A91EC6700FD8F77 /* MASHotKey.h */ = {isa = PBXFileReference; fileEncoding = 4; lastKnownFileType = sourcecode.c.h; path = MASHotKey.h; sourceTree = "<group>"; };
		00CDCB071A91EC6700FD8F77 /* MASHotKey.m */ = {isa = PBXFileReference; fileEncoding = 4; lastKnownFileType = sourcecode.c.objc; path = MASHotKey.m; sourceTree = "<group>"; };
		00CDCB081A91EC6700FD8F77 /* MASHotKeyTests.m */ = {isa = PBXFileReference; fileEncoding = 4; lastKnownFileType = sourcecode.c.objc; path = MASHotKeyTests.m; sourceTree = "<group>"; };
		00CDCB091A91EC6700FD8F77 /* MASKeyCodes.h */ = {isa = PBXFileReference; fileEncoding = 4; lastKnownFileType = sourcecode.c.h; path = MASKeyCodes.h; sourceTree = "<group>"; };
		00CDCB0A1A91EC6700FD8F77 /* MASShortcut.h */ = {isa = PBXFileReference; fileEncoding = 4; lastKnownFileType = sourcecode.c.h; path = MASShortcut.h; sourceTree = "<group>"; };
		00CDCB0B1A91EC6700FD8F77 /* MASShortcut.m */ = {isa = PBXFileReference; fileEncoding = 4; lastKnownFileType = sourcecode.c.objc; path = MASShortcut.m; sourceTree = "<group>"; };
		00CDCB0C1A91EC6700FD8F77 /* MASShortcutBinder.h */ = {isa = PBXFileReference; fileEncoding = 4; lastKnownFileType = sourcecode.c.h; path = MASShortcutBinder.h; sourceTree = "<group>"; };
		00CDCB0D1A91EC6700FD8F77 /* MASShortcutBinder.m */ = {isa = PBXFileReference; fileEncoding = 4; lastKnownFileType = sourcecode.c.objc; path = MASShortcutBinder.m; sourceTree = "<group>"; };
		00CDCB0E1A91EC6700FD8F77 /* MASShortcutBinderTests.m */ = {isa = PBXFileReference; fileEncoding = 4; lastKnownFileType = sourcecode.c.objc; path = MASShortcutBinderTests.m; sourceTree = "<group>"; };
		00CDCB0F1A91EC6700FD8F77 /* MASShortcutMonitor.h */ = {isa = PBXFileReference; fileEncoding = 4; lastKnownFileType = sourcecode.c.h; path = MASShortcutMonitor.h; sourceTree = "<group>"; };
		00CDCB101A91EC6700FD8F77 /* MASShortcutMonitor.m */ = {isa = PBXFileReference; fileEncoding = 4; lastKnownFileType = sourcecode.c.objc; path = MASShortcutMonitor.m; sourceTree = "<group>"; };
		00CDCB111A91EC6700FD8F77 /* MASShortcutMonitorTests.m */ = {isa = PBXFileReference; fileEncoding = 4; lastKnownFileType = sourcecode.c.objc; path = MASShortcutMonitorTests.m; sourceTree = "<group>"; };
		00CDCB121A91EC6700FD8F77 /* MASShortcutTests.m */ = {isa = PBXFileReference; fileEncoding = 4; lastKnownFileType = sourcecode.c.objc; path = MASShortcutTests.m; sourceTree = "<group>"; };
		00CDCB131A91EC6700FD8F77 /* MASShortcutValidator.h */ = {isa = PBXFileReference; fileEncoding = 4; lastKnownFileType = sourcecode.c.h; path = MASShortcutValidator.h; sourceTree = "<group>"; };
		00CDCB141A91EC6700FD8F77 /* MASShortcutValidator.m */ = {isa = PBXFileReference; fileEncoding = 4; lastKnownFileType = sourcecode.c.objc; path = MASShortcutValidator.m; sourceTree = "<group>"; };
		00CDCB151A91EC6700FD8F77 /* MASShortcutView+Bindings.h */ = {isa = PBXFileReference; fileEncoding = 4; lastKnownFileType = sourcecode.c.h; path = "MASShortcutView+Bindings.h"; sourceTree = "<group>"; };
		00CDCB161A91EC6700FD8F77 /* MASShortcutView+Bindings.m */ = {isa = PBXFileReference; fileEncoding = 4; lastKnownFileType = sourcecode.c.objc; path = "MASShortcutView+Bindings.m"; sourceTree = "<group>"; };
		00CDCB171A91EC6700FD8F77 /* MASShortcutView.h */ = {isa = PBXFileReference; fileEncoding = 4; lastKnownFileType = sourcecode.c.h; path = MASShortcutView.h; sourceTree = "<group>"; };
		00CDCB181A91EC6700FD8F77 /* MASShortcutView.m */ = {isa = PBXFileReference; fileEncoding = 4; lastKnownFileType = sourcecode.c.objc; path = MASShortcutView.m; sourceTree = "<group>"; };
		00CDCB191A91EC6700FD8F77 /* Prefix.pch */ = {isa = PBXFileReference; fileEncoding = 4; lastKnownFileType = sourcecode.c.h; path = Prefix.pch; sourceTree = "<group>"; };
		00CDCB1A1A91EC6700FD8F77 /* Shortcut.h */ = {isa = PBXFileReference; fileEncoding = 4; lastKnownFileType = sourcecode.c.h; path = Shortcut.h; sourceTree = "<group>"; };
		00CDCB1B1A91EC6700FD8F77 /* LICENSE */ = {isa = PBXFileReference; fileEncoding = 4; lastKnownFileType = text; path = LICENSE; sourceTree = "<group>"; };
		00CDCB1C1A91EC6700FD8F77 /* MASShortcut.podspec */ = {isa = PBXFileReference; fileEncoding = 4; lastKnownFileType = text; path = MASShortcut.podspec; sourceTree = "<group>"; };
		00CDCB1D1A91EC6700FD8F77 /* MASShortcut.xcodeproj */ = {isa = PBXFileReference; lastKnownFileType = "wrapper.pb-project"; path = MASShortcut.xcodeproj; sourceTree = "<group>"; };
		00CDCB201A91EC6700FD8F77 /* README.md */ = {isa = PBXFileReference; fileEncoding = 4; lastKnownFileType = net.daringfireball.markdown; path = README.md; sourceTree = "<group>"; };
		00CDCB211A91EC6700FD8F77 /* Spec.md */ = {isa = PBXFileReference; fileEncoding = 4; lastKnownFileType = net.daringfireball.markdown; path = Spec.md; sourceTree = "<group>"; };
		00CDCB231A91EC6700FD8F77 /* Info.plist */ = {isa = PBXFileReference; fileEncoding = 4; lastKnownFileType = text.plist.xml; path = Info.plist; sourceTree = "<group>"; };
		00CDCB241A91EC6700FD8F77 /* Prefix.pch */ = {isa = PBXFileReference; fileEncoding = 4; lastKnownFileType = sourcecode.c.h; path = Prefix.pch; sourceTree = "<group>"; };
/* End PBXFileReference section */

/* Begin PBXFrameworksBuildPhase section */
		002EC4EE195C3389002AD64A /* Frameworks */ = {
			isa = PBXFrameworksBuildPhase;
			buildActionMask = 2147483647;
			files = (
				002EC4F5195C3389002AD64A /* Cocoa.framework in Frameworks */,
			);
			runOnlyForDeploymentPostprocessing = 0;
		};
		002EC50F195C338A002AD64A /* Frameworks */ = {
			isa = PBXFrameworksBuildPhase;
			buildActionMask = 2147483647;
			files = (
				002EC515195C338A002AD64A /* Cocoa.framework in Frameworks */,
				002EC514195C338A002AD64A /* XCTest.framework in Frameworks */,
			);
			runOnlyForDeploymentPostprocessing = 0;
		};
/* End PBXFrameworksBuildPhase section */

/* Begin PBXGroup section */
		002EC4E8195C3389002AD64A = {
			isa = PBXGroup;
			children = (
				002EC4FA195C3389002AD64A /* StatusBarTest */,
				002EC518195C338A002AD64A /* StatusBarTestTests */,
				002EC4F3195C3389002AD64A /* Frameworks */,
				002EC4F2195C3389002AD64A /* Products */,
			);
			sourceTree = "<group>";
		};
		002EC4F2195C3389002AD64A /* Products */ = {
			isa = PBXGroup;
			children = (
				002EC4F1195C3389002AD64A /* CopyPasterino.app */,
				002EC512195C338A002AD64A /* CopyPasterinoTests.xctest */,
			);
			name = Products;
			sourceTree = "<group>";
		};
		002EC4F3195C3389002AD64A /* Frameworks */ = {
			isa = PBXGroup;
			children = (
				002EC4F4195C3389002AD64A /* Cocoa.framework */,
				002EC513195C338A002AD64A /* XCTest.framework */,
				002EC4F6195C3389002AD64A /* Other Frameworks */,
			);
			name = Frameworks;
			sourceTree = "<group>";
		};
		002EC4F6195C3389002AD64A /* Other Frameworks */ = {
			isa = PBXGroup;
			children = (
				002EC4F7195C3389002AD64A /* AppKit.framework */,
				002EC4F8195C3389002AD64A /* CoreData.framework */,
				002EC4F9195C3389002AD64A /* Foundation.framework */,
			);
			name = "Other Frameworks";
			sourceTree = "<group>";
		};
		002EC4FA195C3389002AD64A /* StatusBarTest */ = {
			isa = PBXGroup;
			children = (
				00CDCAF41A91EC6700FD8F77 /* MASShortcut */,
				004B64461986B4AC006C232B /* MASPreferences */,
				00B74A78195C3E3F000AE9B0 /* StatusHighlighted.png */,
				00B74A79195C3E3F000AE9B0 /* StatusHighlighted@2x.png */,
				00B74A74195C3E33000AE9B0 /* Status.png */,
				00B74A75195C3E33000AE9B0 /* Status@2x.png */,
				004229FE19996AD1009D5135 /* CopyPasterinoTableCellView.h */,
				00CDCAC81A90F0FA00FD8F77 /* CopyPasterinoTableCellView.swift */,
				004229FF19996AD1009D5135 /* CopyPasterinoTableCellView.m */,
				002EC506195C3389002AD64A /* AppDelegate.h */,
				002EC507195C338A002AD64A /* AppDelegate.m */,
				00CDCAC61A90ECD800FD8F77 /* AppDelegate.swift */,
				00CDCACA1A91426B00FD8F77 /* Paste.swift */,
				002EC509195C338A002AD64A /* MainMenu.xib */,
				002EC50C195C338A002AD64A /* Images.xcassets */,
				002EC4FB195C3389002AD64A /* Supporting Files */,
				00CDCAC51A90ECD800FD8F77 /* CopyPasterino-Bridging-Header.h */,
			);
			path = StatusBarTest;
			sourceTree = "<group>";
		};
		002EC4FB195C3389002AD64A /* Supporting Files */ = {
			isa = PBXGroup;
			children = (
				002EC4FC195C3389002AD64A /* CopyPasterino-Info.plist */,
				002EC4FD195C3389002AD64A /* InfoPlist.strings */,
				002EC500195C3389002AD64A /* main.m */,
				002EC502195C3389002AD64A /* CopyPasterino-Prefix.pch */,
				002EC503195C3389002AD64A /* Credits.rtf */,
			);
			name = "Supporting Files";
			sourceTree = "<group>";
		};
		002EC518195C338A002AD64A /* StatusBarTestTests */ = {
			isa = PBXGroup;
			children = (
				002EC51E195C338A002AD64A /* StatusBarTestTests.m */,
				002EC519195C338A002AD64A /* Supporting Files */,
			);
			path = StatusBarTestTests;
			sourceTree = "<group>";
		};
		002EC519195C338A002AD64A /* Supporting Files */ = {
			isa = PBXGroup;
			children = (
				002EC51A195C338A002AD64A /* CopyPasterinoTests-Info.plist */,
				002EC51B195C338A002AD64A /* InfoPlist.strings */,
			);
			name = "Supporting Files";
			sourceTree = "<group>";
		};
		004B64461986B4AC006C232B /* MASPreferences */ = {
			isa = PBXGroup;
			children = (
				004B64471986B4AC006C232B /* .gitignore */,
				004B64481986B4AC006C232B /* LICENSE.md */,
				004B64491986B4AC006C232B /* MASPreferences.podspec */,
				004B644A1986B4AC006C232B /* MASPreferencesViewController.h */,
				004B644B1986B4AC006C232B /* MASPreferencesWindow.xib */,
				004B644C1986B4AC006C232B /* MASPreferencesWindowController.h */,
				004B644D1986B4AC006C232B /* MASPreferencesWindowController.m */,
				004B644E1986B4AC006C232B /* README.md */,
			);
			path = MASPreferences;
			sourceTree = SOURCE_ROOT;
		};
		00CDCAF41A91EC6700FD8F77 /* MASShortcut */ = {
			isa = PBXGroup;
			children = (
				00CDCAF51A91EC6700FD8F77 /* .gitignore */,
				00CDCAF61A91EC6700FD8F77 /* .travis.yml */,
				00CDCAF71A91EC6700FD8F77 /* CHANGES */,
				00CDCAF81A91EC6700FD8F77 /* CONTRIBUTING.md */,
				00CDCAF91A91EC6700FD8F77 /* Demo */,
				00CDCB011A91EC6700FD8F77 /* Framework */,
				00CDCB1B1A91EC6700FD8F77 /* LICENSE */,
				00CDCB1C1A91EC6700FD8F77 /* MASShortcut.podspec */,
				00CDCB1D1A91EC6700FD8F77 /* MASShortcut.xcodeproj */,
				00CDCB201A91EC6700FD8F77 /* README.md */,
				00CDCB211A91EC6700FD8F77 /* Spec.md */,
				00CDCB221A91EC6700FD8F77 /* Tests */,
			);
			path = MASShortcut;
			sourceTree = SOURCE_ROOT;
		};
		00CDCAF91A91EC6700FD8F77 /* Demo */ = {
			isa = PBXGroup;
			children = (
				00CDCAFA1A91EC6700FD8F77 /* AppDelegate.h */,
				00CDCAFB1A91EC6700FD8F77 /* AppDelegate.m */,
				00CDCAFC1A91EC6700FD8F77 /* Info.plist */,
				00CDCAFD1A91EC6700FD8F77 /* main.m */,
				00CDCAFE1A91EC6700FD8F77 /* MainMenu.xib */,
				00CDCAFF1A91EC6700FD8F77 /* Prefix.pch */,
				00CDCB001A91EC6700FD8F77 /* screenshot.png */,
			);
			path = Demo;
			sourceTree = "<group>";
		};
		00CDCB011A91EC6700FD8F77 /* Framework */ = {
			isa = PBXGroup;
			children = (
				00CDCB021A91EC6700FD8F77 /* Info.plist */,
				00CDCB031A91EC6700FD8F77 /* MASDictionaryTransformer.h */,
				00CDCB041A91EC6700FD8F77 /* MASDictionaryTransformer.m */,
				00CDCB051A91EC6700FD8F77 /* MASDictionaryTransformerTests.m */,
				00CDCB061A91EC6700FD8F77 /* MASHotKey.h */,
				00CDCB071A91EC6700FD8F77 /* MASHotKey.m */,
				00CDCB081A91EC6700FD8F77 /* MASHotKeyTests.m */,
				00CDCB091A91EC6700FD8F77 /* MASKeyCodes.h */,
				00CDCB0A1A91EC6700FD8F77 /* MASShortcut.h */,
				00CDCB0B1A91EC6700FD8F77 /* MASShortcut.m */,
				00CDCB0C1A91EC6700FD8F77 /* MASShortcutBinder.h */,
				00CDCB0D1A91EC6700FD8F77 /* MASShortcutBinder.m */,
				00CDCB0E1A91EC6700FD8F77 /* MASShortcutBinderTests.m */,
				00CDCB0F1A91EC6700FD8F77 /* MASShortcutMonitor.h */,
				00CDCB101A91EC6700FD8F77 /* MASShortcutMonitor.m */,
				00CDCB111A91EC6700FD8F77 /* MASShortcutMonitorTests.m */,
				00CDCB121A91EC6700FD8F77 /* MASShortcutTests.m */,
				00CDCB131A91EC6700FD8F77 /* MASShortcutValidator.h */,
				00CDCB141A91EC6700FD8F77 /* MASShortcutValidator.m */,
				00CDCB151A91EC6700FD8F77 /* MASShortcutView+Bindings.h */,
				00CDCB161A91EC6700FD8F77 /* MASShortcutView+Bindings.m */,
				00CDCB171A91EC6700FD8F77 /* MASShortcutView.h */,
				00CDCB181A91EC6700FD8F77 /* MASShortcutView.m */,
				00CDCB191A91EC6700FD8F77 /* Prefix.pch */,
				00CDCB1A1A91EC6700FD8F77 /* Shortcut.h */,
			);
			path = Framework;
			sourceTree = "<group>";
		};
		00CDCB1E1A91EC6700FD8F77 /* Products */ = {
			isa = PBXGroup;
			children = (
				00CDCB451A91EC6800FD8F77 /* MASShortcut.framework */,
				00CDCB471A91EC6800FD8F77 /* Demo.app */,
				00CDCB491A91EC6800FD8F77 /* Tests.xctest */,
			);
			name = Products;
			sourceTree = "<group>";
		};
		00CDCB221A91EC6700FD8F77 /* Tests */ = {
			isa = PBXGroup;
			children = (
				00CDCB231A91EC6700FD8F77 /* Info.plist */,
				00CDCB241A91EC6700FD8F77 /* Prefix.pch */,
			);
			path = Tests;
			sourceTree = "<group>";
		};
/* End PBXGroup section */

/* Begin PBXNativeTarget section */
		002EC4F0195C3389002AD64A /* CopyPasterino */ = {
			isa = PBXNativeTarget;
			buildConfigurationList = 002EC522195C338A002AD64A /* Build configuration list for PBXNativeTarget "CopyPasterino" */;
			buildPhases = (
				002EC4ED195C3389002AD64A /* Sources */,
				002EC4EE195C3389002AD64A /* Frameworks */,
				002EC4EF195C3389002AD64A /* Resources */,
			);
			buildRules = (
			);
			dependencies = (
			);
			name = CopyPasterino;
			productName = StatusBarTest;
			productReference = 002EC4F1195C3389002AD64A /* CopyPasterino.app */;
			productType = "com.apple.product-type.application";
		};
		002EC511195C338A002AD64A /* CopyPasterinoTests */ = {
			isa = PBXNativeTarget;
			buildConfigurationList = 002EC525195C338A002AD64A /* Build configuration list for PBXNativeTarget "CopyPasterinoTests" */;
			buildPhases = (
				002EC50E195C338A002AD64A /* Sources */,
				002EC50F195C338A002AD64A /* Frameworks */,
				002EC510195C338A002AD64A /* Resources */,
			);
			buildRules = (
			);
			dependencies = (
				002EC517195C338A002AD64A /* PBXTargetDependency */,
			);
			name = CopyPasterinoTests;
			productName = StatusBarTestTests;
			productReference = 002EC512195C338A002AD64A /* CopyPasterinoTests.xctest */;
			productType = "com.apple.product-type.bundle.unit-test";
		};
/* End PBXNativeTarget section */

/* Begin PBXProject section */
		002EC4E9195C3389002AD64A /* Project object */ = {
			isa = PBXProject;
			attributes = {
				LastUpgradeCheck = 0510;
				ORGANIZATIONNAME = "___FULLUSERNAME___";
				TargetAttributes = {
					002EC511195C338A002AD64A = {
						TestTargetID = 002EC4F0195C3389002AD64A;
					};
				};
			};
			buildConfigurationList = 002EC4EC195C3389002AD64A /* Build configuration list for PBXProject "CopyPasterino" */;
			compatibilityVersion = "Xcode 3.2";
			developmentRegion = English;
			hasScannedForEncodings = 0;
			knownRegions = (
				en,
				Base,
			);
			mainGroup = 002EC4E8195C3389002AD64A;
			productRefGroup = 002EC4F2195C3389002AD64A /* Products */;
			projectDirPath = "";
			projectReferences = (
				{
					ProductGroup = 00CDCB1E1A91EC6700FD8F77 /* Products */;
					ProjectRef = 00CDCB1D1A91EC6700FD8F77 /* MASShortcut.xcodeproj */;
				},
			);
			projectRoot = "";
			targets = (
				002EC4F0195C3389002AD64A /* CopyPasterino */,
				002EC511195C338A002AD64A /* CopyPasterinoTests */,
			);
		};
/* End PBXProject section */

/* Begin PBXReferenceProxy section */
		00CDCB451A91EC6800FD8F77 /* MASShortcut.framework */ = {
			isa = PBXReferenceProxy;
			fileType = wrapper.framework;
			path = MASShortcut.framework;
			remoteRef = 00CDCB441A91EC6800FD8F77 /* PBXContainerItemProxy */;
			sourceTree = BUILT_PRODUCTS_DIR;
		};
		00CDCB471A91EC6800FD8F77 /* Demo.app */ = {
			isa = PBXReferenceProxy;
			fileType = wrapper.application;
			path = Demo.app;
			remoteRef = 00CDCB461A91EC6800FD8F77 /* PBXContainerItemProxy */;
			sourceTree = BUILT_PRODUCTS_DIR;
		};
		00CDCB491A91EC6800FD8F77 /* Tests.xctest */ = {
			isa = PBXReferenceProxy;
			fileType = wrapper.cfbundle;
			path = Tests.xctest;
			remoteRef = 00CDCB481A91EC6800FD8F77 /* PBXContainerItemProxy */;
			sourceTree = BUILT_PRODUCTS_DIR;
		};
/* End PBXReferenceProxy section */

/* Begin PBXResourcesBuildPhase section */
		002EC4EF195C3389002AD64A /* Resources */ = {
			isa = PBXResourcesBuildPhase;
			buildActionMask = 2147483647;
			files = (
				00CDCB271A91EC6700FD8F77 /* CHANGES in Resources */,
				00CDCB261A91EC6700FD8F77 /* .travis.yml in Resources */,
				00CDCB2D1A91EC6700FD8F77 /* screenshot.png in Resources */,
				00CDCB3C1A91EC6700FD8F77 /* LICENSE in Resources */,
				002EC4FF195C3389002AD64A /* InfoPlist.strings in Resources */,
				002EC50D195C338A002AD64A /* Images.xcassets in Resources */,
				00B74A7B195C3E3F000AE9B0 /* StatusHighlighted@2x.png in Resources */,
				00B74A77195C3E33000AE9B0 /* Status@2x.png in Resources */,
				00CDCB3D1A91EC6700FD8F77 /* MASShortcut.podspec in Resources */,
				004B64521986B4AC006C232B /* MASPreferencesWindow.xib in Resources */,
				00CDCB401A91EC6700FD8F77 /* Info.plist in Resources */,
				00CDCB2E1A91EC6700FD8F77 /* Info.plist in Resources */,
				002EC505195C3389002AD64A /* Credits.rtf in Resources */,
				004B64501986B4AC006C232B /* LICENSE.md in Resources */,
				004B64511986B4AC006C232B /* MASPreferences.podspec in Resources */,
				00CDCB2A1A91EC6700FD8F77 /* Info.plist in Resources */,
				00CDCB251A91EC6700FD8F77 /* .gitignore in Resources */,
				00B74A76195C3E33000AE9B0 /* Status.png in Resources */,
				004B64541986B4AC006C232B /* README.md in Resources */,
				00B74A7A195C3E3F000AE9B0 /* StatusHighlighted.png in Resources */,
				004B644F1986B4AC006C232B /* .gitignore in Resources */,
				002EC50B195C338A002AD64A /* MainMenu.xib in Resources */,
				00CDCB2C1A91EC6700FD8F77 /* MainMenu.xib in Resources */,
			);
			runOnlyForDeploymentPostprocessing = 0;
		};
		002EC510195C338A002AD64A /* Resources */ = {
			isa = PBXResourcesBuildPhase;
			buildActionMask = 2147483647;
			files = (
				002EC51D195C338A002AD64A /* InfoPlist.strings in Resources */,
			);
			runOnlyForDeploymentPostprocessing = 0;
		};
/* End PBXResourcesBuildPhase section */

/* Begin PBXSourcesBuildPhase section */
		002EC4ED195C3389002AD64A /* Sources */ = {
			isa = PBXSourcesBuildPhase;
			buildActionMask = 2147483647;
			files = (
				00CDCB2B1A91EC6700FD8F77 /* main.m in Sources */,
				002EC508195C338A002AD64A /* AppDelegate.m in Sources */,
				00CDCB3A1A91EC6700FD8F77 /* MASShortcutView+Bindings.m in Sources */,
				00CDCB2F1A91EC6700FD8F77 /* MASDictionaryTransformer.m in Sources */,
				00CDCB301A91EC6700FD8F77 /* MASDictionaryTransformerTests.m in Sources */,
				00CDCB361A91EC6700FD8F77 /* MASShortcutMonitor.m in Sources */,
				00CDCB3E1A91EC6700FD8F77 /* README.md in Sources */,
				004B64531986B4AC006C232B /* MASPreferencesWindowController.m in Sources */,
				00CDCB291A91EC6700FD8F77 /* AppDelegate.m in Sources */,
				00CDCAC91A90F0FA00FD8F77 /* CopyPasterinoTableCellView.swift in Sources */,
				00CDCB351A91EC6700FD8F77 /* MASShortcutBinderTests.m in Sources */,
				00CDCB381A91EC6700FD8F77 /* MASShortcutTests.m in Sources */,
				00CDCB371A91EC6700FD8F77 /* MASShortcutMonitorTests.m in Sources */,
				002EC501195C3389002AD64A /* main.m in Sources */,
				00CDCB3B1A91EC6700FD8F77 /* MASShortcutView.m in Sources */,
				00CDCB391A91EC6700FD8F77 /* MASShortcutValidator.m in Sources */,
				00CDCAC71A90ECD800FD8F77 /* AppDelegate.swift in Sources */,
				00422A0019996AD1009D5135 /* CopyPasterinoTableCellView.m in Sources */,
				00CDCB281A91EC6700FD8F77 /* CONTRIBUTING.md in Sources */,
				00CDCB331A91EC6700FD8F77 /* MASShortcut.m in Sources */,
				00CDCACB1A91426B00FD8F77 /* Paste.swift in Sources */,
				00CDCB311A91EC6700FD8F77 /* MASHotKey.m in Sources */,
				00CDCB321A91EC6700FD8F77 /* MASHotKeyTests.m in Sources */,
				00CDCB341A91EC6700FD8F77 /* MASShortcutBinder.m in Sources */,
				00CDCB3F1A91EC6700FD8F77 /* Spec.md in Sources */,
			);
			runOnlyForDeploymentPostprocessing = 0;
		};
		002EC50E195C338A002AD64A /* Sources */ = {
			isa = PBXSourcesBuildPhase;
			buildActionMask = 2147483647;
			files = (
				002EC51F195C338A002AD64A /* StatusBarTestTests.m in Sources */,
			);
			runOnlyForDeploymentPostprocessing = 0;
		};
/* End PBXSourcesBuildPhase section */

/* Begin PBXTargetDependency section */
		002EC517195C338A002AD64A /* PBXTargetDependency */ = {
			isa = PBXTargetDependency;
			target = 002EC4F0195C3389002AD64A /* CopyPasterino */;
			targetProxy = 002EC516195C338A002AD64A /* PBXContainerItemProxy */;
		};
/* End PBXTargetDependency section */

/* Begin PBXVariantGroup section */
		002EC4FD195C3389002AD64A /* InfoPlist.strings */ = {
			isa = PBXVariantGroup;
			children = (
				002EC4FE195C3389002AD64A /* en */,
			);
			name = InfoPlist.strings;
			sourceTree = "<group>";
		};
		002EC503195C3389002AD64A /* Credits.rtf */ = {
			isa = PBXVariantGroup;
			children = (
				002EC504195C3389002AD64A /* en */,
			);
			name = Credits.rtf;
			sourceTree = "<group>";
		};
		002EC509195C338A002AD64A /* MainMenu.xib */ = {
			isa = PBXVariantGroup;
			children = (
				002EC50A195C338A002AD64A /* Base */,
			);
			name = MainMenu.xib;
			sourceTree = "<group>";
		};
		002EC51B195C338A002AD64A /* InfoPlist.strings */ = {
			isa = PBXVariantGroup;
			children = (
				002EC51C195C338A002AD64A /* en */,
			);
			name = InfoPlist.strings;
			sourceTree = "<group>";
		};
/* End PBXVariantGroup section */

/* Begin XCBuildConfiguration section */
		002EC520195C338A002AD64A /* Debug */ = {
			isa = XCBuildConfiguration;
			buildSettings = {
				ALWAYS_SEARCH_USER_PATHS = NO;
				CLANG_CXX_LANGUAGE_STANDARD = "gnu++0x";
				CLANG_CXX_LIBRARY = "libc++";
				CLANG_ENABLE_MODULES = YES;
				CLANG_ENABLE_OBJC_ARC = YES;
				CLANG_WARN_BOOL_CONVERSION = YES;
				CLANG_WARN_CONSTANT_CONVERSION = YES;
				CLANG_WARN_DIRECT_OBJC_ISA_USAGE = YES_ERROR;
				CLANG_WARN_EMPTY_BODY = YES;
				CLANG_WARN_ENUM_CONVERSION = YES;
				CLANG_WARN_INT_CONVERSION = YES;
				CLANG_WARN_OBJC_ROOT_CLASS = YES_ERROR;
				CLANG_WARN__DUPLICATE_METHOD_MATCH = YES;
				COPY_PHASE_STRIP = NO;
				GCC_C_LANGUAGE_STANDARD = gnu99;
				GCC_DYNAMIC_NO_PIC = NO;
				GCC_ENABLE_OBJC_EXCEPTIONS = YES;
				GCC_OPTIMIZATION_LEVEL = 0;
				GCC_PREPROCESSOR_DEFINITIONS = (
					"DEBUG=1",
					"$(inherited)",
				);
				GCC_SYMBOLS_PRIVATE_EXTERN = NO;
				GCC_WARN_64_TO_32_BIT_CONVERSION = YES;
				GCC_WARN_ABOUT_RETURN_TYPE = YES_ERROR;
				GCC_WARN_UNDECLARED_SELECTOR = YES;
				GCC_WARN_UNINITIALIZED_AUTOS = YES_AGGRESSIVE;
				GCC_WARN_UNUSED_FUNCTION = YES;
				GCC_WARN_UNUSED_VARIABLE = YES;
				MACOSX_DEPLOYMENT_TARGET = 10.9;
				ONLY_ACTIVE_ARCH = YES;
				SDKROOT = macosx;
			};
			name = Debug;
		};
		002EC521195C338A002AD64A /* Release */ = {
			isa = XCBuildConfiguration;
			buildSettings = {
				ALWAYS_SEARCH_USER_PATHS = NO;
				CLANG_CXX_LANGUAGE_STANDARD = "gnu++0x";
				CLANG_CXX_LIBRARY = "libc++";
				CLANG_ENABLE_MODULES = YES;
				CLANG_ENABLE_OBJC_ARC = YES;
				CLANG_WARN_BOOL_CONVERSION = YES;
				CLANG_WARN_CONSTANT_CONVERSION = YES;
				CLANG_WARN_DIRECT_OBJC_ISA_USAGE = YES_ERROR;
				CLANG_WARN_EMPTY_BODY = YES;
				CLANG_WARN_ENUM_CONVERSION = YES;
				CLANG_WARN_INT_CONVERSION = YES;
				CLANG_WARN_OBJC_ROOT_CLASS = YES_ERROR;
				CLANG_WARN__DUPLICATE_METHOD_MATCH = YES;
				COPY_PHASE_STRIP = YES;
				DEBUG_INFORMATION_FORMAT = "dwarf-with-dsym";
				ENABLE_NS_ASSERTIONS = NO;
				GCC_C_LANGUAGE_STANDARD = gnu99;
				GCC_ENABLE_OBJC_EXCEPTIONS = YES;
				GCC_WARN_64_TO_32_BIT_CONVERSION = YES;
				GCC_WARN_ABOUT_RETURN_TYPE = YES_ERROR;
				GCC_WARN_UNDECLARED_SELECTOR = YES;
				GCC_WARN_UNINITIALIZED_AUTOS = YES_AGGRESSIVE;
				GCC_WARN_UNUSED_FUNCTION = YES;
				GCC_WARN_UNUSED_VARIABLE = YES;
				MACOSX_DEPLOYMENT_TARGET = 10.9;
				SDKROOT = macosx;
			};
			name = Release;
		};
		002EC523195C338A002AD64A /* Debug */ = {
			isa = XCBuildConfiguration;
			buildSettings = {
				ASSETCATALOG_COMPILER_APPICON_NAME = AppIcon;
				CLANG_ENABLE_MODULES = YES;
				COMBINE_HIDPI_IMAGES = YES;
				GCC_PRECOMPILE_PREFIX_HEADER = YES;
				GCC_PREFIX_HEADER = "StatusBarTest/CopyPasterino-Prefix.pch";
				INFOPLIST_FILE = "StatusBarTest/CopyPasterino-Info.plist";
				LD_RUNPATH_SEARCH_PATHS = "$(inherited) @executable_path/../Frameworks";
				PRODUCT_NAME = CopyPasterino;
				SWIFT_OBJC_BRIDGING_HEADER = "StatusBarTest/CopyPasterino-Bridging-Header.h";
				SWIFT_OPTIMIZATION_LEVEL = "-Onone";
				VERSIONING_SYSTEM = "apple-generic";
				WRAPPER_EXTENSION = app;
			};
			name = Debug;
		};
		002EC524195C338A002AD64A /* Release */ = {
			isa = XCBuildConfiguration;
			buildSettings = {
				ASSETCATALOG_COMPILER_APPICON_NAME = AppIcon;
				CLANG_ENABLE_MODULES = YES;
				COMBINE_HIDPI_IMAGES = YES;
				GCC_PRECOMPILE_PREFIX_HEADER = YES;
				GCC_PREFIX_HEADER = "StatusBarTest/CopyPasterino-Prefix.pch";
				INFOPLIST_FILE = "StatusBarTest/CopyPasterino-Info.plist";
				LD_RUNPATH_SEARCH_PATHS = "$(inherited) @executable_path/../Frameworks";
				PRODUCT_NAME = CopyPasterino;
				SWIFT_OBJC_BRIDGING_HEADER = "StatusBarTest/CopyPasterino-Bridging-Header.h";
				VERSIONING_SYSTEM = "apple-generic";
				WRAPPER_EXTENSION = app;
			};
			name = Release;
		};
		002EC526195C338A002AD64A /* Debug */ = {
			isa = XCBuildConfiguration;
			buildSettings = {
				BUNDLE_LOADER = "$(BUILT_PRODUCTS_DIR)/StatusBarTest.app/Contents/MacOS/StatusBarTest";
				COMBINE_HIDPI_IMAGES = YES;
				FRAMEWORK_SEARCH_PATHS = (
					"$(DEVELOPER_FRAMEWORKS_DIR)",
					"$(inherited)",
				);
				GCC_PRECOMPILE_PREFIX_HEADER = YES;
				GCC_PREFIX_HEADER = "StatusBarTest/StatusBarTest-Prefix.pch";
				GCC_PREPROCESSOR_DEFINITIONS = (
					"DEBUG=1",
					"$(inherited)",
				);
				INFOPLIST_FILE = "StatusBarTestTests/CopyPasterinoTests-Info.plist";
				PRODUCT_NAME = CopyPasterinoTests;
				TEST_HOST = "$(BUNDLE_LOADER)";
				WRAPPER_EXTENSION = xctest;
			};
			name = Debug;
		};
		002EC527195C338A002AD64A /* Release */ = {
			isa = XCBuildConfiguration;
			buildSettings = {
				BUNDLE_LOADER = "$(BUILT_PRODUCTS_DIR)/StatusBarTest.app/Contents/MacOS/StatusBarTest";
				COMBINE_HIDPI_IMAGES = YES;
				FRAMEWORK_SEARCH_PATHS = (
					"$(DEVELOPER_FRAMEWORKS_DIR)",
					"$(inherited)",
				);
				GCC_PRECOMPILE_PREFIX_HEADER = YES;
				GCC_PREFIX_HEADER = "StatusBarTest/StatusBarTest-Prefix.pch";
				INFOPLIST_FILE = "StatusBarTestTests/CopyPasterinoTests-Info.plist";
				PRODUCT_NAME = CopyPasterinoTests;
				TEST_HOST = "$(BUNDLE_LOADER)";
				WRAPPER_EXTENSION = xctest;
			};
			name = Release;
		};
/* End XCBuildConfiguration section */

/* Begin XCConfigurationList section */
		002EC4EC195C3389002AD64A /* Build configuration list for PBXProject "CopyPasterino" */ = {
			isa = XCConfigurationList;
			buildConfigurations = (
				002EC520195C338A002AD64A /* Debug */,
				002EC521195C338A002AD64A /* Release */,
			);
			defaultConfigurationIsVisible = 0;
			defaultConfigurationName = Release;
		};
		002EC522195C338A002AD64A /* Build configuration list for PBXNativeTarget "CopyPasterino" */ = {
			isa = XCConfigurationList;
			buildConfigurations = (
				002EC523195C338A002AD64A /* Debug */,
				002EC524195C338A002AD64A /* Release */,
			);
			defaultConfigurationIsVisible = 0;
			defaultConfigurationName = Release;
		};
		002EC525195C338A002AD64A /* Build configuration list for PBXNativeTarget "CopyPasterinoTests" */ = {
			isa = XCConfigurationList;
			buildConfigurations = (
				002EC526195C338A002AD64A /* Debug */,
				002EC527195C338A002AD64A /* Release */,
			);
			defaultConfigurationIsVisible = 0;
			defaultConfigurationName = Release;
		};
/* End XCConfigurationList section */
	};
	rootObject = 002EC4E9195C3389002AD64A /* Project object */;
}
