// !$*UTF8*$!
{
	archiveVersion = 1;
	classes = {
	};
	objectVersion = 46;
	objects = {

/* Begin PBXBuildFile section */
		002EC4F5195C3389002AD64A /* Cocoa.framework in Frameworks */ = {isa = PBXBuildFile; fileRef = 002EC4F4195C3389002AD64A /* Cocoa.framework */; };
		002EC4FF195C3389002AD64A /* InfoPlist.strings in Resources */ = {isa = PBXBuildFile; fileRef = 002EC4FD195C3389002AD64A /* InfoPlist.strings */; };
		002EC501195C3389002AD64A /* main.m in Sources */ = {isa = PBXBuildFile; fileRef = 002EC500195C3389002AD64A /* main.m */; };
		002EC505195C3389002AD64A /* Credits.rtf in Resources */ = {isa = PBXBuildFile; fileRef = 002EC503195C3389002AD64A /* Credits.rtf */; };
		002EC508195C338A002AD64A /* AppDelegate.m in Sources */ = {isa = PBXBuildFile; fileRef = 002EC507195C338A002AD64A /* AppDelegate.m */; };
		002EC50B195C338A002AD64A /* MainMenu.xib in Resources */ = {isa = PBXBuildFile; fileRef = 002EC509195C338A002AD64A /* MainMenu.xib */; };
		002EC50D195C338A002AD64A /* Images.xcassets in Resources */ = {isa = PBXBuildFile; fileRef = 002EC50C195C338A002AD64A /* Images.xcassets */; };
		002EC514195C338A002AD64A /* XCTest.framework in Frameworks */ = {isa = PBXBuildFile; fileRef = 002EC513195C338A002AD64A /* XCTest.framework */; };
		002EC515195C338A002AD64A /* Cocoa.framework in Frameworks */ = {isa = PBXBuildFile; fileRef = 002EC4F4195C3389002AD64A /* Cocoa.framework */; };
		002EC51D195C338A002AD64A /* InfoPlist.strings in Resources */ = {isa = PBXBuildFile; fileRef = 002EC51B195C338A002AD64A /* InfoPlist.strings */; };
		002EC51F195C338A002AD64A /* StatusBarTestTests.m in Sources */ = {isa = PBXBuildFile; fileRef = 002EC51E195C338A002AD64A /* StatusBarTestTests.m */; };
/* End PBXBuildFile section */

/* Begin PBXContainerItemProxy section */
		002EC516195C338A002AD64A /* PBXContainerItemProxy */ = {
			isa = PBXContainerItemProxy;
			containerPortal = 002EC4E9195C3389002AD64A /* Project object */;
			proxyType = 1;
			remoteGlobalIDString = 002EC4F0195C3389002AD64A;
			remoteInfo = StatusBarTest;
		};
/* End PBXContainerItemProxy section */

/* Begin PBXFileReference section */
		002EC4F1195C3389002AD64A /* StatusBarTest.app */ = {isa = PBXFileReference; explicitFileType = wrapper.application; includeInIndex = 0; path = StatusBarTest.app; sourceTree = BUILT_PRODUCTS_DIR; };
		002EC4F4195C3389002AD64A /* Cocoa.framework */ = {isa = PBXFileReference; lastKnownFileType = wrapper.framework; name = Cocoa.framework; path = System/Library/Frameworks/Cocoa.framework; sourceTree = SDKROOT; };
		002EC4F7195C3389002AD64A /* AppKit.framework */ = {isa = PBXFileReference; lastKnownFileType = wrapper.framework; name = AppKit.framework; path = System/Library/Frameworks/AppKit.framework; sourceTree = SDKROOT; };
		002EC4F8195C3389002AD64A /* CoreData.framework */ = {isa = PBXFileReference; lastKnownFileType = wrapper.framework; name = CoreData.framework; path = System/Library/Frameworks/CoreData.framework; sourceTree = SDKROOT; };
		002EC4F9195C3389002AD64A /* Foundation.framework */ = {isa = PBXFileReference; lastKnownFileType = wrapper.framework; name = Foundation.framework; path = System/Library/Frameworks/Foundation.framework; sourceTree = SDKROOT; };
		002EC4FC195C3389002AD64A /* StatusBarTest-Info.plist */ = {isa = PBXFileReference; lastKnownFileType = text.plist.xml; path = "StatusBarTest-Info.plist"; sourceTree = "<group>"; };
		002EC4FE195C3389002AD64A /* en */ = {isa = PBXFileReference; lastKnownFileType = text.plist.strings; name = en; path = en.lproj/InfoPlist.strings; sourceTree = "<group>"; };
		002EC500195C3389002AD64A /* main.m */ = {isa = PBXFileReference; lastKnownFileType = sourcecode.c.objc; path = main.m; sourceTree = "<group>"; };
		002EC502195C3389002AD64A /* StatusBarTest-Prefix.pch */ = {isa = PBXFileReference; lastKnownFileType = sourcecode.c.h; path = "StatusBarTest-Prefix.pch"; sourceTree = "<group>"; };
		002EC504195C3389002AD64A /* en */ = {isa = PBXFileReference; lastKnownFileType = text.rtf; name = en; path = en.lproj/Credits.rtf; sourceTree = "<group>"; };
		002EC506195C3389002AD64A /* AppDelegate.h */ = {isa = PBXFileReference; lastKnownFileType = sourcecode.c.h; path = AppDelegate.h; sourceTree = "<group>"; };
		002EC507195C338A002AD64A /* AppDelegate.m */ = {isa = PBXFileReference; lastKnownFileType = sourcecode.c.objc; path = AppDelegate.m; sourceTree = "<group>"; };
		002EC50A195C338A002AD64A /* Base */ = {isa = PBXFileReference; lastKnownFileType = file.xib; name = Base; path = Base.lproj/MainMenu.xib; sourceTree = "<group>"; };
		002EC50C195C338A002AD64A /* Images.xcassets */ = {isa = PBXFileReference; lastKnownFileType = folder.assetcatalog; path = Images.xcassets; sourceTree = "<group>"; };
		002EC512195C338A002AD64A /* StatusBarTestTests.xctest */ = {isa = PBXFileReference; explicitFileType = wrapper.cfbundle; includeInIndex = 0; path = StatusBarTestTests.xctest; sourceTree = BUILT_PRODUCTS_DIR; };
		002EC513195C338A002AD64A /* XCTest.framework */ = {isa = PBXFileReference; lastKnownFileType = wrapper.framework; name = XCTest.framework; path = Library/Frameworks/XCTest.framework; sourceTree = DEVELOPER_DIR; };
		002EC51A195C338A002AD64A /* StatusBarTestTests-Info.plist */ = {isa = PBXFileReference; lastKnownFileType = text.plist.xml; path = "StatusBarTestTests-Info.plist"; sourceTree = "<group>"; };
		002EC51C195C338A002AD64A /* en */ = {isa = PBXFileReference; lastKnownFileType = text.plist.strings; name = en; path = en.lproj/InfoPlist.strings; sourceTree = "<group>"; };
		002EC51E195C338A002AD64A /* StatusBarTestTests.m */ = {isa = PBXFileReference; lastKnownFileType = sourcecode.c.objc; path = StatusBarTestTests.m; sourceTree = "<group>"; };
/* End PBXFileReference section */

/* Begin PBXFrameworksBuildPhase section */
		002EC4EE195C3389002AD64A /* Frameworks */ = {
			isa = PBXFrameworksBuildPhase;
			buildActionMask = 2147483647;
			files = (
				002EC4F5195C3389002AD64A /* Cocoa.framework in Frameworks */,
			);
			runOnlyForDeploymentPostprocessing = 0;
		};
		002EC50F195C338A002AD64A /* Frameworks */ = {
			isa = PBXFrameworksBuildPhase;
			buildActionMask = 2147483647;
			files = (
				002EC515195C338A002AD64A /* Cocoa.framework in Frameworks */,
				002EC514195C338A002AD64A /* XCTest.framework in Frameworks */,
			);
			runOnlyForDeploymentPostprocessing = 0;
		};
/* End PBXFrameworksBuildPhase section */

/* Begin PBXGroup section */
		002EC4E8195C3389002AD64A = {
			isa = PBXGroup;
			children = (
				002EC4FA195C3389002AD64A /* StatusBarTest */,
				002EC518195C338A002AD64A /* StatusBarTestTests */,
				002EC4F3195C3389002AD64A /* Frameworks */,
				002EC4F2195C3389002AD64A /* Products */,
			);
			sourceTree = "<group>";
		};
		002EC4F2195C3389002AD64A /* Products */ = {
			isa = PBXGroup;
			children = (
				002EC4F1195C3389002AD64A /* StatusBarTest.app */,
				002EC512195C338A002AD64A /* StatusBarTestTests.xctest */,
			);
			name = Products;
			sourceTree = "<group>";
		};
		002EC4F3195C3389002AD64A /* Frameworks */ = {
			isa = PBXGroup;
			children = (
				002EC4F4195C3389002AD64A /* Cocoa.framework */,
				002EC513195C338A002AD64A /* XCTest.framework */,
				002EC4F6195C3389002AD64A /* Other Frameworks */,
			);
			name = Frameworks;
			sourceTree = "<group>";
		};
		002EC4F6195C3389002AD64A /* Other Frameworks */ = {
			isa = PBXGroup;
			children = (
				002EC4F7195C3389002AD64A /* AppKit.framework */,
				002EC4F8195C3389002AD64A /* CoreData.framework */,
				002EC4F9195C3389002AD64A /* Foundation.framework */,
			);
			name = "Other Frameworks";
			sourceTree = "<group>";
		};
		002EC4FA195C3389002AD64A /* StatusBarTest */ = {
			isa = PBXGroup;
			children = (
				002EC506195C3389002AD64A /* AppDelegate.h */,
				002EC507195C338A002AD64A /* AppDelegate.m */,
				002EC509195C338A002AD64A /* MainMenu.xib */,
				002EC50C195C338A002AD64A /* Images.xcassets */,
				002EC4FB195C3389002AD64A /* Supporting Files */,
			);
			path = StatusBarTest;
			sourceTree = "<group>";
		};
		002EC4FB195C3389002AD64A /* Supporting Files */ = {
			isa = PBXGroup;
			children = (
				002EC4FC195C3389002AD64A /* StatusBarTest-Info.plist */,
				002EC4FD195C3389002AD64A /* InfoPlist.strings */,
				002EC500195C3389002AD64A /* main.m */,
				002EC502195C3389002AD64A /* StatusBarTest-Prefix.pch */,
				002EC503195C3389002AD64A /* Credits.rtf */,
			);
			name = "Supporting Files";
			sourceTree = "<group>";
		};
		002EC518195C338A002AD64A /* StatusBarTestTests */ = {
			isa = PBXGroup;
			children = (
				002EC51E195C338A002AD64A /* StatusBarTestTests.m */,
				002EC519195C338A002AD64A /* Supporting Files */,
			);
			path = StatusBarTestTests;
			sourceTree = "<group>";
		};
		002EC519195C338A002AD64A /* Supporting Files */ = {
			isa = PBXGroup;
			children = (
				002EC51A195C338A002AD64A /* StatusBarTestTests-Info.plist */,
				002EC51B195C338A002AD64A /* InfoPlist.strings */,
			);
			name = "Supporting Files";
			sourceTree = "<group>";
		};
/* End PBXGroup section */

/* Begin PBXNativeTarget section */
		002EC4F0195C3389002AD64A /* StatusBarTest */ = {
			isa = PBXNativeTarget;
			buildConfigurationList = 002EC522195C338A002AD64A /* Build configuration list for PBXNativeTarget "StatusBarTest" */;
			buildPhases = (
				002EC4ED195C3389002AD64A /* Sources */,
				002EC4EE195C3389002AD64A /* Frameworks */,
				002EC4EF195C3389002AD64A /* Resources */,
			);
			buildRules = (
			);
			dependencies = (
			);
			name = StatusBarTest;
			productName = StatusBarTest;
			productReference = 002EC4F1195C3389002AD64A /* StatusBarTest.app */;
			productType = "com.apple.product-type.application";
		};
		002EC511195C338A002AD64A /* StatusBarTestTests */ = {
			isa = PBXNativeTarget;
			buildConfigurationList = 002EC525195C338A002AD64A /* Build configuration list for PBXNativeTarget "StatusBarTestTests" */;
			buildPhases = (
				002EC50E195C338A002AD64A /* Sources */,
				002EC50F195C338A002AD64A /* Frameworks */,
				002EC510195C338A002AD64A /* Resources */,
			);
			buildRules = (
			);
			dependencies = (
				002EC517195C338A002AD64A /* PBXTargetDependency */,
			);
			name = StatusBarTestTests;
			productName = StatusBarTestTests;
			productReference = 002EC512195C338A002AD64A /* StatusBarTestTests.xctest */;
			productType = "com.apple.product-type.bundle.unit-test";
		};
/* End PBXNativeTarget section */

/* Begin PBXProject section */
		002EC4E9195C3389002AD64A /* Project object */ = {
			isa = PBXProject;
			attributes = {
				LastUpgradeCheck = 0510;
				ORGANIZATIONNAME = "___FULLUSERNAME___";
				TargetAttributes = {
					002EC511195C338A002AD64A = {
						TestTargetID = 002EC4F0195C3389002AD64A;
					};
				};
			};
			buildConfigurationList = 002EC4EC195C3389002AD64A /* Build configuration list for PBXProject "StatusBarTest" */;
			compatibilityVersion = "Xcode 3.2";
			developmentRegion = English;
			hasScannedForEncodings = 0;
			knownRegions = (
				en,
				Base,
			);
			mainGroup = 002EC4E8195C3389002AD64A;
			productRefGroup = 002EC4F2195C3389002AD64A /* Products */;
			projectDirPath = "";
			projectRoot = "";
			targets = (
				002EC4F0195C3389002AD64A /* StatusBarTest */,
				002EC511195C338A002AD64A /* StatusBarTestTests */,
			);
		};
/* End PBXProject section */

/* Begin PBXResourcesBuildPhase section */
		002EC4EF195C3389002AD64A /* Resources */ = {
			isa = PBXResourcesBuildPhase;
			buildActionMask = 2147483647;
			files = (
				002EC4FF195C3389002AD64A /* InfoPlist.strings in Resources */,
				002EC50D195C338A002AD64A /* Images.xcassets in Resources */,
				002EC505195C3389002AD64A /* Credits.rtf in Resources */,
				002EC50B195C338A002AD64A /* MainMenu.xib in Resources */,
			);
			runOnlyForDeploymentPostprocessing = 0;
		};
		002EC510195C338A002AD64A /* Resources */ = {
			isa = PBXResourcesBuildPhase;
			buildActionMask = 2147483647;
			files = (
				002EC51D195C338A002AD64A /* InfoPlist.strings in Resources */,
			);
			runOnlyForDeploymentPostprocessing = 0;
		};
/* End PBXResourcesBuildPhase section */

/* Begin PBXSourcesBuildPhase section */
		002EC4ED195C3389002AD64A /* Sources */ = {
			isa = PBXSourcesBuildPhase;
			buildActionMask = 2147483647;
			files = (
				002EC508195C338A002AD64A /* AppDelegate.m in Sources */,
				002EC501195C3389002AD64A /* main.m in Sources */,
			);
			runOnlyForDeploymentPostprocessing = 0;
		};
		002EC50E195C338A002AD64A /* Sources */ = {
			isa = PBXSourcesBuildPhase;
			buildActionMask = 2147483647;
			files = (
				002EC51F195C338A002AD64A /* StatusBarTestTests.m in Sources */,
			);
			runOnlyForDeploymentPostprocessing = 0;
		};
/* End PBXSourcesBuildPhase section */

/* Begin PBXTargetDependency section */
		002EC517195C338A002AD64A /* PBXTargetDependency */ = {
			isa = PBXTargetDependency;
			target = 002EC4F0195C3389002AD64A /* StatusBarTest */;
			targetProxy = 002EC516195C338A002AD64A /* PBXContainerItemProxy */;
		};
/* End PBXTargetDependency section */

/* Begin PBXVariantGroup section */
		002EC4FD195C3389002AD64A /* InfoPlist.strings */ = {
			isa = PBXVariantGroup;
			children = (
				002EC4FE195C3389002AD64A /* en */,
			);
			name = InfoPlist.strings;
			sourceTree = "<group>";
		};
		002EC503195C3389002AD64A /* Credits.rtf */ = {
			isa = PBXVariantGroup;
			children = (
				002EC504195C3389002AD64A /* en */,
			);
			name = Credits.rtf;
			sourceTree = "<group>";
		};
		002EC509195C338A002AD64A /* MainMenu.xib */ = {
			isa = PBXVariantGroup;
			children = (
				002EC50A195C338A002AD64A /* Base */,
			);
			name = MainMenu.xib;
			sourceTree = "<group>";
		};
		002EC51B195C338A002AD64A /* InfoPlist.strings */ = {
			isa = PBXVariantGroup;
			children = (
				002EC51C195C338A002AD64A /* en */,
			);
			name = InfoPlist.strings;
			sourceTree = "<group>";
		};
/* End PBXVariantGroup section */

/* Begin XCBuildConfiguration section */
		002EC520195C338A002AD64A /* Debug */ = {
			isa = XCBuildConfiguration;
			buildSettings = {
				ALWAYS_SEARCH_USER_PATHS = NO;
				CLANG_CXX_LANGUAGE_STANDARD = "gnu++0x";
				CLANG_CXX_LIBRARY = "libc++";
				CLANG_ENABLE_MODULES = YES;
				CLANG_ENABLE_OBJC_ARC = YES;
				CLANG_WARN_BOOL_CONVERSION = YES;
				CLANG_WARN_CONSTANT_CONVERSION = YES;
				CLANG_WARN_DIRECT_OBJC_ISA_USAGE = YES_ERROR;
				CLANG_WARN_EMPTY_BODY = YES;
				CLANG_WARN_ENUM_CONVERSION = YES;
				CLANG_WARN_INT_CONVERSION = YES;
				CLANG_WARN_OBJC_ROOT_CLASS = YES_ERROR;
				CLANG_WARN__DUPLICATE_METHOD_MATCH = YES;
				COPY_PHASE_STRIP = NO;
				GCC_C_LANGUAGE_STANDARD = gnu99;
				GCC_DYNAMIC_NO_PIC = NO;
				GCC_ENABLE_OBJC_EXCEPTIONS = YES;
				GCC_OPTIMIZATION_LEVEL = 0;
				GCC_PREPROCESSOR_DEFINITIONS = (
					"DEBUG=1",
					"$(inherited)",
				);
				GCC_SYMBOLS_PRIVATE_EXTERN = NO;
				GCC_WARN_64_TO_32_BIT_CONVERSION = YES;
				GCC_WARN_ABOUT_RETURN_TYPE = YES_ERROR;
				GCC_WARN_UNDECLARED_SELECTOR = YES;
				GCC_WARN_UNINITIALIZED_AUTOS = YES_AGGRESSIVE;
				GCC_WARN_UNUSED_FUNCTION = YES;
				GCC_WARN_UNUSED_VARIABLE = YES;
				MACOSX_DEPLOYMENT_TARGET = 10.9;
				ONLY_ACTIVE_ARCH = YES;
				SDKROOT = macosx;
			};
			name = Debug;
		};
		002EC521195C338A002AD64A /* Release */ = {
			isa = XCBuildConfiguration;
			buildSettings = {
				ALWAYS_SEARCH_USER_PATHS = NO;
				CLANG_CXX_LANGUAGE_STANDARD = "gnu++0x";
				CLANG_CXX_LIBRARY = "libc++";
				CLANG_ENABLE_MODULES = YES;
				CLANG_ENABLE_OBJC_ARC = YES;
				CLANG_WARN_BOOL_CONVERSION = YES;
				CLANG_WARN_CONSTANT_CONVERSION = YES;
				CLANG_WARN_DIRECT_OBJC_ISA_USAGE = YES_ERROR;
				CLANG_WARN_EMPTY_BODY = YES;
				CLANG_WARN_ENUM_CONVERSION = YES;
				CLANG_WARN_INT_CONVERSION = YES;
				CLANG_WARN_OBJC_ROOT_CLASS = YES_ERROR;
				CLANG_WARN__DUPLICATE_METHOD_MATCH = YES;
				COPY_PHASE_STRIP = YES;
				DEBUG_INFORMATION_FORMAT = "dwarf-with-dsym";
				ENABLE_NS_ASSERTIONS = NO;
				GCC_C_LANGUAGE_STANDARD = gnu99;
				GCC_ENABLE_OBJC_EXCEPTIONS = YES;
				GCC_WARN_64_TO_32_BIT_CONVERSION = YES;
				GCC_WARN_ABOUT_RETURN_TYPE = YES_ERROR;
				GCC_WARN_UNDECLARED_SELECTOR = YES;
				GCC_WARN_UNINITIALIZED_AUTOS = YES_AGGRESSIVE;
				GCC_WARN_UNUSED_FUNCTION = YES;
				GCC_WARN_UNUSED_VARIABLE = YES;
				MACOSX_DEPLOYMENT_TARGET = 10.9;
				SDKROOT = macosx;
			};
			name = Release;
		};
		002EC523195C338A002AD64A /* Debug */ = {
			isa = XCBuildConfiguration;
			buildSettings = {
				ASSETCATALOG_COMPILER_APPICON_NAME = AppIcon;
				COMBINE_HIDPI_IMAGES = YES;
				GCC_PRECOMPILE_PREFIX_HEADER = YES;
				GCC_PREFIX_HEADER = "StatusBarTest/StatusBarTest-Prefix.pch";
				INFOPLIST_FILE = "StatusBarTest/StatusBarTest-Info.plist";
				PRODUCT_NAME = "$(TARGET_NAME)";
				WRAPPER_EXTENSION = app;
			};
			name = Debug;
		};
		002EC524195C338A002AD64A /* Release */ = {
			isa = XCBuildConfiguration;
			buildSettings = {
				ASSETCATALOG_COMPILER_APPICON_NAME = AppIcon;
				COMBINE_HIDPI_IMAGES = YES;
				GCC_PRECOMPILE_PREFIX_HEADER = YES;
				GCC_PREFIX_HEADER = "StatusBarTest/StatusBarTest-Prefix.pch";
				INFOPLIST_FILE = "StatusBarTest/StatusBarTest-Info.plist";
				PRODUCT_NAME = "$(TARGET_NAME)";
				WRAPPER_EXTENSION = app;
			};
			name = Release;
		};
		002EC526195C338A002AD64A /* Debug */ = {
			isa = XCBuildConfiguration;
			buildSettings = {
				BUNDLE_LOADER = "$(BUILT_PRODUCTS_DIR)/StatusBarTest.app/Contents/MacOS/StatusBarTest";
				COMBINE_HIDPI_IMAGES = YES;
				FRAMEWORK_SEARCH_PATHS = (
					"$(DEVELOPER_FRAMEWORKS_DIR)",
					"$(inherited)",
				);
				GCC_PRECOMPILE_PREFIX_HEADER = YES;
				GCC_PREFIX_HEADER = "StatusBarTest/StatusBarTest-Prefix.pch";
				GCC_PREPROCESSOR_DEFINITIONS = (
					"DEBUG=1",
					"$(inherited)",
				);
				INFOPLIST_FILE = "StatusBarTestTests/StatusBarTestTests-Info.plist";
				PRODUCT_NAME = "$(TARGET_NAME)";
				TEST_HOST = "$(BUNDLE_LOADER)";
				WRAPPER_EXTENSION = xctest;
			};
			name = Debug;
		};
		002EC527195C338A002AD64A /* Release */ = {
			isa = XCBuildConfiguration;
			buildSettings = {
				BUNDLE_LOADER = "$(BUILT_PRODUCTS_DIR)/StatusBarTest.app/Contents/MacOS/StatusBarTest";
				COMBINE_HIDPI_IMAGES = YES;
				FRAMEWORK_SEARCH_PATHS = (
					"$(DEVELOPER_FRAMEWORKS_DIR)",
					"$(inherited)",
				);
				GCC_PRECOMPILE_PREFIX_HEADER = YES;
				GCC_PREFIX_HEADER = "StatusBarTest/StatusBarTest-Prefix.pch";
				INFOPLIST_FILE = "StatusBarTestTests/StatusBarTestTests-Info.plist";
				PRODUCT_NAME = "$(TARGET_NAME)";
				TEST_HOST = "$(BUNDLE_LOADER)";
				WRAPPER_EXTENSION = xctest;
			};
			name = Release;
		};
/* End XCBuildConfiguration section */

/* Begin XCConfigurationList section */
		002EC4EC195C3389002AD64A /* Build configuration list for PBXProject "StatusBarTest" */ = {
			isa = XCConfigurationList;
			buildConfigurations = (
				002EC520195C338A002AD64A /* Debug */,
				002EC521195C338A002AD64A /* Release */,
			);
			defaultConfigurationIsVisible = 0;
			defaultConfigurationName = Release;
		};
		002EC522195C338A002AD64A /* Build configuration list for PBXNativeTarget "StatusBarTest" */ = {
			isa = XCConfigurationList;
			buildConfigurations = (
				002EC523195C338A002AD64A /* Debug */,
				002EC524195C338A002AD64A /* Release */,
			);
			defaultConfigurationIsVisible = 0;
		};
		002EC525195C338A002AD64A /* Build configuration list for PBXNativeTarget "StatusBarTestTests" */ = {
			isa = XCConfigurationList;
			buildConfigurations = (
				002EC526195C338A002AD64A /* Debug */,
				002EC527195C338A002AD64A /* Release */,
			);
			defaultConfigurationIsVisible = 0;
		};
/* End XCConfigurationList section */
	};
	rootObject = 002EC4E9195C3389002AD64A /* Project object */;
}
